PODS:
  - Alamofire (5.6.4)
  - Cosmos (23.0.0)
  - Kingfisher (7.6.2)
  - lottie-ios (4.1.3)
  - RxCocoa (5.1.3):
    - RxRelay (~> 5)
    - RxSwift (~> 5)
  - RxRelay (5.1.3):
    - RxSwift (~> 5)
  - RxSwift (5.1.3)
  - SnapKit (5.6.0)

DEPENDENCIES:
  - Alamofire
  - Cosmos
  - Kingfisher
  - lottie-ios
  - RxCocoa
  - RxSwift
  - SnapKit

SPEC REPOS:
  trunk:
    - Alamofire
    - Cosmos
    - Kingfisher
    - lottie-ios
    - RxCocoa
    - RxRelay
    - RxSwift
    - SnapKit

SPEC CHECKSUMS:
  Alamofire: 4e95d97098eacb88856099c4fc79b526a299e48c
  Cosmos: b5c6a9a637e28a061b54c8f8b1d8529d7d4db73f
  Kingfisher: 6c5449c6450c5239166510ba04afe374a98afc4f
  lottie-ios: d0954d3150061f662ed0adf96ef98d7421864c47
  RxCocoa: e2ed092d5432e4296aa818021d27de4090ac0354
  RxRelay: 5a18c2eb2d68326ebaf0112f80d837ae41b92b97
  RxSwift: 915abbdfb62214aa89ccd0b194d44fb478019b27
  SnapKit: e01d52ebb8ddbc333eefe2132acf85c8227d9c25

PODFILE CHECKSUM: a572b74ccefcfa348d1ef07780cc12b373b4187b

COCOAPODS: 1.12.0
