// !$*UTF8*$!
{
	archiveVersion = 1;
	classes = {
	};
	objectVersion = 56;
	objects = {

/* Begin PBXBuildFile section */
		8C0AFDAA29ED57260099B594 /* Constants.swift in Sources */ = {isa = PBXBuildFile; fileRef = 8C0AFDA929ED57260099B594 /* Constants.swift */; };
		8C0AFDAC29ED57A30099B594 /* MainTabBarController.swift in Sources */ = {isa = PBXBuildFile; fileRef = 8C0AFDAB29ED57A30099B594 /* MainTabBarController.swift */; };
		8C0AFDAE29ED62120099B594 /* MovieDTO.swift in Sources */ = {isa = PBXBuildFile; fileRef = 8C0AFDAD29ED62120099B594 /* MovieDTO.swift */; };
		8C0AFDB029ED68DF0099B594 /* ApiError.swift in Sources */ = {isa = PBXBuildFile; fileRef = 8C0AFDAF29ED68DF0099B594 /* ApiError.swift */; };
		8C0AFDB529ED713B0099B594 /* MovieListViewModel.swift in Sources */ = {isa = PBXBuildFile; fileRef = 8C0AFDB429ED713B0099B594 /* MovieListViewModel.swift */; };
		8C20A3EF29ECBB12003C3A95 /* AppDelegate.swift in Sources */ = {isa = PBXBuildFile; fileRef = 8C20A3EE29ECBB12003C3A95 /* AppDelegate.swift */; };
		8C20A3F129ECBB12003C3A95 /* SceneDelegate.swift in Sources */ = {isa = PBXBuildFile; fileRef = 8C20A3F029ECBB12003C3A95 /* SceneDelegate.swift */; };
		8C20A3F329ECBB12003C3A95 /* MovieListViewController.swift in Sources */ = {isa = PBXBuildFile; fileRef = 8C20A3F229ECBB12003C3A95 /* MovieListViewController.swift */; };
		8C20A3F829ECBB13003C3A95 /* Assets.xcassets in Resources */ = {isa = PBXBuildFile; fileRef = 8C20A3F729ECBB13003C3A95 /* Assets.xcassets */; };
		8C20A3FB29ECBB13003C3A95 /* LaunchScreen.storyboard in Resources */ = {isa = PBXBuildFile; fileRef = 8C20A3F929ECBB13003C3A95 /* LaunchScreen.storyboard */; };
		8C2A27BF29ED9713002E6504 /* FavoriteMoviesViewController.swift in Sources */ = {isa = PBXBuildFile; fileRef = 8C2A27BE29ED9713002E6504 /* FavoriteMoviesViewController.swift */; };
		8C2A27C129ED972B002E6504 /* SettingsViewController.swift in Sources */ = {isa = PBXBuildFile; fileRef = 8C2A27C029ED972B002E6504 /* SettingsViewController.swift */; };
		8C2C1B4B29EE214B0067DDFD /* MovieDetailedViewController.swift in Sources */ = {isa = PBXBuildFile; fileRef = 8C2C1B4A29EE214B0067DDFD /* MovieDetailedViewController.swift */; };
		8C2C1B4D29EE87A00067DDFD /* MovieDetailedViewModel.swift in Sources */ = {isa = PBXBuildFile; fileRef = 8C2C1B4C29EE87A00067DDFD /* MovieDetailedViewModel.swift */; };
		8C2C1B4F29EE9CB60067DDFD /* MovieYouTubeTrailerDTO.swift in Sources */ = {isa = PBXBuildFile; fileRef = 8C2C1B4E29EE9CB60067DDFD /* MovieYouTubeTrailerDTO.swift */; };
		8C2C1B5129EEB7DC0067DDFD /* Int+PlaceEmojiHandling.swift in Sources */ = {isa = PBXBuildFile; fileRef = 8C2C1B5029EEB7DC0067DDFD /* Int+PlaceEmojiHandling.swift */; };
		8C2C1B5329EEC1D90067DDFD /* UIViewController+Alert.swift in Sources */ = {isa = PBXBuildFile; fileRef = 8C2C1B5229EEC1D90067DDFD /* UIViewController+Alert.swift */; };
		8C2C1B5A29EED2980067DDFD /* HeartButton.swift in Sources */ = {isa = PBXBuildFile; fileRef = 8C2C1B5929EED2980067DDFD /* HeartButton.swift */; };
		8C2C1B5C29EED3F70067DDFD /* UIButton+UIBarButtonItem.swift in Sources */ = {isa = PBXBuildFile; fileRef = 8C2C1B5B29EED3F60067DDFD /* UIButton+UIBarButtonItem.swift */; };
		8C34B1A629ED86B700753B8C /* MovieCollectionViewCell.swift in Sources */ = {isa = PBXBuildFile; fileRef = 8C34B1A529ED86B700753B8C /* MovieCollectionViewCell.swift */; };
		8C6C6F4829ED9DCC008D53A8 /* UIColor+ColorExtension.swift in Sources */ = {isa = PBXBuildFile; fileRef = 8C6C6F4729ED9DCC008D53A8 /* UIColor+ColorExtension.swift */; };
		8CB3EF7829ED52CB00A11D39 /* NetworkLayer.swift in Sources */ = {isa = PBXBuildFile; fileRef = 8CB3EF7729ED52CB00A11D39 /* NetworkLayer.swift */; };
		8CB3EF7A29ED52D000A11D39 /* ApiType.swift in Sources */ = {isa = PBXBuildFile; fileRef = 8CB3EF7929ED52D000A11D39 /* ApiType.swift */; };
		8CE0EA0929EDCC0A0045FC44 /* Int+CommasHandling.swift in Sources */ = {isa = PBXBuildFile; fileRef = 8CE0EA0829EDCC0A0045FC44 /* Int+CommasHandling.swift */; };
		9D58F73A2B6493F85D29C816 /* Pods_MovieApp.framework in Frameworks */ = {isa = PBXBuildFile; fileRef = 935A6333A762FC4414405AF2 /* Pods_MovieApp.framework */; };
/* End PBXBuildFile section */

/* Begin PBXFileReference section */
		5A260E2FBB272E603CD26B57 /* Pods-MovieApp.release.xcconfig */ = {isa = PBXFileReference; includeInIndex = 1; lastKnownFileType = text.xcconfig; name = "Pods-MovieApp.release.xcconfig"; path = "Target Support Files/Pods-MovieApp/Pods-MovieApp.release.xcconfig"; sourceTree = "<group>"; };
		88D4C15BDF3B0E8EACD7C21D /* Pods-MovieApp.debug.xcconfig */ = {isa = PBXFileReference; includeInIndex = 1; lastKnownFileType = text.xcconfig; name = "Pods-MovieApp.debug.xcconfig"; path = "Target Support Files/Pods-MovieApp/Pods-MovieApp.debug.xcconfig"; sourceTree = "<group>"; };
		8C0AFDA929ED57260099B594 /* Constants.swift */ = {isa = PBXFileReference; lastKnownFileType = sourcecode.swift; path = Constants.swift; sourceTree = "<group>"; };
		8C0AFDAB29ED57A30099B594 /* MainTabBarController.swift */ = {isa = PBXFileReference; lastKnownFileType = sourcecode.swift; path = MainTabBarController.swift; sourceTree = "<group>"; };
		8C0AFDAD29ED62120099B594 /* MovieDTO.swift */ = {isa = PBXFileReference; lastKnownFileType = sourcecode.swift; path = MovieDTO.swift; sourceTree = "<group>"; };
		8C0AFDAF29ED68DF0099B594 /* ApiError.swift */ = {isa = PBXFileReference; lastKnownFileType = sourcecode.swift; path = ApiError.swift; sourceTree = "<group>"; };
		8C0AFDB429ED713B0099B594 /* MovieListViewModel.swift */ = {isa = PBXFileReference; lastKnownFileType = sourcecode.swift; path = MovieListViewModel.swift; sourceTree = "<group>"; };
		8C20A3EB29ECBB12003C3A95 /* MovieApp.app */ = {isa = PBXFileReference; explicitFileType = wrapper.application; includeInIndex = 0; path = MovieApp.app; sourceTree = BUILT_PRODUCTS_DIR; };
		8C20A3EE29ECBB12003C3A95 /* AppDelegate.swift */ = {isa = PBXFileReference; lastKnownFileType = sourcecode.swift; path = AppDelegate.swift; sourceTree = "<group>"; };
		8C20A3F029ECBB12003C3A95 /* SceneDelegate.swift */ = {isa = PBXFileReference; lastKnownFileType = sourcecode.swift; path = SceneDelegate.swift; sourceTree = "<group>"; };
		8C20A3F229ECBB12003C3A95 /* MovieListViewController.swift */ = {isa = PBXFileReference; lastKnownFileType = sourcecode.swift; path = MovieListViewController.swift; sourceTree = "<group>"; };
		8C20A3F729ECBB13003C3A95 /* Assets.xcassets */ = {isa = PBXFileReference; lastKnownFileType = folder.assetcatalog; path = Assets.xcassets; sourceTree = "<group>"; };
		8C20A3FA29ECBB13003C3A95 /* Base */ = {isa = PBXFileReference; lastKnownFileType = file.storyboard; name = Base; path = Base.lproj/LaunchScreen.storyboard; sourceTree = "<group>"; };
		8C20A3FC29ECBB13003C3A95 /* Info.plist */ = {isa = PBXFileReference; lastKnownFileType = text.plist.xml; path = Info.plist; sourceTree = "<group>"; };
		8C2A27BE29ED9713002E6504 /* FavoriteMoviesViewController.swift */ = {isa = PBXFileReference; lastKnownFileType = sourcecode.swift; path = FavoriteMoviesViewController.swift; sourceTree = "<group>"; };
		8C2A27C029ED972B002E6504 /* SettingsViewController.swift */ = {isa = PBXFileReference; lastKnownFileType = sourcecode.swift; path = SettingsViewController.swift; sourceTree = "<group>"; };
		8C2C1B4A29EE214B0067DDFD /* MovieDetailedViewController.swift */ = {isa = PBXFileReference; lastKnownFileType = sourcecode.swift; path = MovieDetailedViewController.swift; sourceTree = "<group>"; };
		8C2C1B4C29EE87A00067DDFD /* MovieDetailedViewModel.swift */ = {isa = PBXFileReference; lastKnownFileType = sourcecode.swift; path = MovieDetailedViewModel.swift; sourceTree = "<group>"; };
		8C2C1B4E29EE9CB60067DDFD /* MovieYouTubeTrailerDTO.swift */ = {isa = PBXFileReference; lastKnownFileType = sourcecode.swift; path = MovieYouTubeTrailerDTO.swift; sourceTree = "<group>"; };
		8C2C1B5029EEB7DC0067DDFD /* Int+PlaceEmojiHandling.swift */ = {isa = PBXFileReference; lastKnownFileType = sourcecode.swift; path = "Int+PlaceEmojiHandling.swift"; sourceTree = "<group>"; };
		8C2C1B5229EEC1D90067DDFD /* UIViewController+Alert.swift */ = {isa = PBXFileReference; lastKnownFileType = sourcecode.swift; path = "UIViewController+Alert.swift"; sourceTree = "<group>"; };
		8C2C1B5929EED2980067DDFD /* HeartButton.swift */ = {isa = PBXFileReference; lastKnownFileType = sourcecode.swift; path = HeartButton.swift; sourceTree = "<group>"; };
		8C2C1B5B29EED3F60067DDFD /* UIButton+UIBarButtonItem.swift */ = {isa = PBXFileReference; lastKnownFileType = sourcecode.swift; path = "UIButton+UIBarButtonItem.swift"; sourceTree = "<group>"; };
		8C34B1A529ED86B700753B8C /* MovieCollectionViewCell.swift */ = {isa = PBXFileReference; lastKnownFileType = sourcecode.swift; path = MovieCollectionViewCell.swift; sourceTree = "<group>"; };
		8C6C6F4729ED9DCC008D53A8 /* UIColor+ColorExtension.swift */ = {isa = PBXFileReference; lastKnownFileType = sourcecode.swift; path = "UIColor+ColorExtension.swift"; sourceTree = "<group>"; };
		8CB3EF7729ED52CB00A11D39 /* NetworkLayer.swift */ = {isa = PBXFileReference; lastKnownFileType = sourcecode.swift; path = NetworkLayer.swift; sourceTree = "<group>"; };
		8CB3EF7929ED52D000A11D39 /* ApiType.swift */ = {isa = PBXFileReference; lastKnownFileType = sourcecode.swift; path = ApiType.swift; sourceTree = "<group>"; };
		8CE0EA0829EDCC0A0045FC44 /* Int+CommasHandling.swift */ = {isa = PBXFileReference; lastKnownFileType = sourcecode.swift; path = "Int+CommasHandling.swift"; sourceTree = "<group>"; };
		935A6333A762FC4414405AF2 /* Pods_MovieApp.framework */ = {isa = PBXFileReference; explicitFileType = wrapper.framework; includeInIndex = 0; path = Pods_MovieApp.framework; sourceTree = BUILT_PRODUCTS_DIR; };
/* End PBXFileReference section */

/* Begin PBXFrameworksBuildPhase section */
		8C20A3E829ECBB11003C3A95 /* Frameworks */ = {
			isa = PBXFrameworksBuildPhase;
			buildActionMask = 2147483647;
			files = (
				9D58F73A2B6493F85D29C816 /* Pods_MovieApp.framework in Frameworks */,
			);
			runOnlyForDeploymentPostprocessing = 0;
		};
/* End PBXFrameworksBuildPhase section */

/* Begin PBXGroup section */
		75F85C6E3C5BC757DBD03629 /* Frameworks */ = {
			isa = PBXGroup;
			children = (
				935A6333A762FC4414405AF2 /* Pods_MovieApp.framework */,
			);
			name = Frameworks;
			sourceTree = "<group>";
		};
		8C0AFDB129ED71280099B594 /* View */ = {
			isa = PBXGroup;
			children = (
				8C2C1B4929EE21400067DDFD /* MovieDetailed */,
				8C20A3F229ECBB12003C3A95 /* MovieListViewController.swift */,
			);
			path = View;
			sourceTree = "<group>";
		};
		8C0AFDB229ED712A0099B594 /* ViewModel */ = {
			isa = PBXGroup;
			children = (
				8C0AFDB429ED713B0099B594 /* MovieListViewModel.swift */,
				8C2C1B4C29EE87A00067DDFD /* MovieDetailedViewModel.swift */,
			);
			path = ViewModel;
			sourceTree = "<group>";
		};
		8C0AFDB329ED71340099B594 /* Components */ = {
			isa = PBXGroup;
			children = (
				8C2C1B5829EED2910067DDFD /* HeartButton */,
				8C2A27B829ED9048002E6504 /* MovieCell */,
			);
			path = Components;
			sourceTree = "<group>";
		};
		8C20A3E229ECBB11003C3A95 = {
			isa = PBXGroup;
			children = (
				8C20A3ED29ECBB12003C3A95 /* MovieApp */,
				8C20A3EC29ECBB12003C3A95 /* Products */,
				DBEB7CF195BCF1C18360A57E /* Pods */,
				75F85C6E3C5BC757DBD03629 /* Frameworks */,
			);
			sourceTree = "<group>";
		};
		8C20A3EC29ECBB12003C3A95 /* Products */ = {
			isa = PBXGroup;
			children = (
				8C20A3EB29ECBB12003C3A95 /* MovieApp.app */,
			);
			name = Products;
			sourceTree = "<group>";
		};
		8C20A3ED29ECBB12003C3A95 /* MovieApp */ = {
			isa = PBXGroup;
			children = (
				8C20A40329ECBC64003C3A95 /* App */,
				8C20A41A29ECC0E8003C3A95 /* Extensions */,
				8C20A41929ECC0E2003C3A95 /* Helpers */,
				8C20A40229ECBBD6003C3A95 /* Resources */,
				8C20A40E29ECBF0F003C3A95 /* Scenes */,
				8C20A41B29ECC0EE003C3A95 /* Services */,
			);
			path = MovieApp;
			sourceTree = "<group>";
		};
		8C20A40229ECBBD6003C3A95 /* Resources */ = {
			isa = PBXGroup;
			children = (
				8C20A3F729ECBB13003C3A95 /* Assets.xcassets */,
				8C20A3FC29ECBB13003C3A95 /* Info.plist */,
				8C20A3F929ECBB13003C3A95 /* LaunchScreen.storyboard */,
			);
			path = Resources;
			sourceTree = "<group>";
		};
		8C20A40329ECBC64003C3A95 /* App */ = {
			isa = PBXGroup;
			children = (
				8C20A3EE29ECBB12003C3A95 /* AppDelegate.swift */,
				8C20A3F029ECBB12003C3A95 /* SceneDelegate.swift */,
			);
			path = App;
			sourceTree = "<group>";
		};
		8C20A40E29ECBF0F003C3A95 /* Scenes */ = {
			isa = PBXGroup;
			children = (
				8C20A41029ECBF15003C3A95 /* Favorite */,
				8C20A40F29ECBF12003C3A95 /* MovieList */,
				8C20A41129ECBF22003C3A95 /* Settings */,
				8C0AFDAB29ED57A30099B594 /* MainTabBarController.swift */,
			);
			path = Scenes;
			sourceTree = "<group>";
		};
		8C20A40F29ECBF12003C3A95 /* MovieList */ = {
			isa = PBXGroup;
			children = (
				8C0AFDB329ED71340099B594 /* Components */,
				8C0AFDB129ED71280099B594 /* View */,
				8C0AFDB229ED712A0099B594 /* ViewModel */,
			);
			path = MovieList;
			sourceTree = "<group>";
		};
		8C20A41029ECBF15003C3A95 /* Favorite */ = {
			isa = PBXGroup;
			children = (
				8C2A27BE29ED9713002E6504 /* FavoriteMoviesViewController.swift */,
			);
			path = Favorite;
			sourceTree = "<group>";
		};
		8C20A41129ECBF22003C3A95 /* Settings */ = {
			isa = PBXGroup;
			children = (
				8C2A27C029ED972B002E6504 /* SettingsViewController.swift */,
			);
			path = Settings;
			sourceTree = "<group>";
		};
		8C20A41929ECC0E2003C3A95 /* Helpers */ = {
			isa = PBXGroup;
			children = (
				8C0AFDA929ED57260099B594 /* Constants.swift */,
			);
			path = Helpers;
			sourceTree = "<group>";
		};
		8C20A41A29ECC0E8003C3A95 /* Extensions */ = {
			isa = PBXGroup;
			children = (
				8C6C6F4729ED9DCC008D53A8 /* UIColor+ColorExtension.swift */,
				8CE0EA0829EDCC0A0045FC44 /* Int+CommasHandling.swift */,
				8C2C1B5029EEB7DC0067DDFD /* Int+PlaceEmojiHandling.swift */,
				8C2C1B5229EEC1D90067DDFD /* UIViewController+Alert.swift */,
				8C2C1B5B29EED3F60067DDFD /* UIButton+UIBarButtonItem.swift */,
			);
			path = Extensions;
			sourceTree = "<group>";
		};
		8C20A41B29ECC0EE003C3A95 /* Services */ = {
			isa = PBXGroup;
			children = (
				8CB3EF7429ED52B500A11D39 /* NetworkLayer */,
			);
			path = Services;
			sourceTree = "<group>";
		};
		8C2A27B829ED9048002E6504 /* MovieCell */ = {
			isa = PBXGroup;
			children = (
				8C2A27BA29ED9058002E6504 /* View */,
			);
			path = MovieCell;
			sourceTree = "<group>";
		};
		8C2A27BA29ED9058002E6504 /* View */ = {
			isa = PBXGroup;
			children = (
				8C34B1A529ED86B700753B8C /* MovieCollectionViewCell.swift */,
			);
			path = View;
			sourceTree = "<group>";
		};
		8C2C1B4929EE21400067DDFD /* MovieDetailed */ = {
			isa = PBXGroup;
			children = (
				8C2C1B4A29EE214B0067DDFD /* MovieDetailedViewController.swift */,
			);
			path = MovieDetailed;
			sourceTree = "<group>";
		};
		8C2C1B5829EED2910067DDFD /* HeartButton */ = {
			isa = PBXGroup;
			children = (
				8C2C1B5929EED2980067DDFD /* HeartButton.swift */,
			);
			path = HeartButton;
			sourceTree = "<group>";
		};
		8CB3EF7429ED52B500A11D39 /* NetworkLayer */ = {
			isa = PBXGroup;
			children = (
				8C0AFDAF29ED68DF0099B594 /* ApiError.swift */,
				8CB3EF7929ED52D000A11D39 /* ApiType.swift */,
				8CB3EF7529ED52BB00A11D39 /* DTOs */,
				8CB3EF7729ED52CB00A11D39 /* NetworkLayer.swift */,
			);
			path = NetworkLayer;
			sourceTree = "<group>";
		};
		8CB3EF7529ED52BB00A11D39 /* DTOs */ = {
			isa = PBXGroup;
			children = (
				8C0AFDAD29ED62120099B594 /* MovieDTO.swift */,
				8C2C1B4E29EE9CB60067DDFD /* MovieYouTubeTrailerDTO.swift */,
			);
			path = DTOs;
			sourceTree = "<group>";
		};
		DBEB7CF195BCF1C18360A57E /* Pods */ = {
			isa = PBXGroup;
			children = (
				88D4C15BDF3B0E8EACD7C21D /* Pods-MovieApp.debug.xcconfig */,
				5A260E2FBB272E603CD26B57 /* Pods-MovieApp.release.xcconfig */,
			);
			path = Pods;
			sourceTree = "<group>";
		};
/* End PBXGroup section */

/* Begin PBXNativeTarget section */
		8C20A3EA29ECBB11003C3A95 /* MovieApp */ = {
			isa = PBXNativeTarget;
			buildConfigurationList = 8C20A3FF29ECBB13003C3A95 /* Build configuration list for PBXNativeTarget "MovieApp" */;
			buildPhases = (
				F1FFF67FAA8D2AA7F4D0A9AD /* [CP] Check Pods Manifest.lock */,
				8C20A3E729ECBB11003C3A95 /* Sources */,
				8C20A3E829ECBB11003C3A95 /* Frameworks */,
				8C20A3E929ECBB11003C3A95 /* Resources */,
				95ED942658C18A3A50345A80 /* [CP] Embed Pods Frameworks */,
			);
			buildRules = (
			);
			dependencies = (
			);
			name = MovieApp;
			productName = MovieApp;
			productReference = 8C20A3EB29ECBB12003C3A95 /* MovieApp.app */;
			productType = "com.apple.product-type.application";
		};
/* End PBXNativeTarget section */

/* Begin PBXProject section */
		8C20A3E329ECBB11003C3A95 /* Project object */ = {
			isa = PBXProject;
			attributes = {
				BuildIndependentTargetsInParallel = 1;
				LastSwiftUpdateCheck = 1430;
				LastUpgradeCheck = 1430;
				TargetAttributes = {
					8C20A3EA29ECBB11003C3A95 = {
						CreatedOnToolsVersion = 14.3;
					};
				};
			};
			buildConfigurationList = 8C20A3E629ECBB11003C3A95 /* Build configuration list for PBXProject "MovieApp" */;
			compatibilityVersion = "Xcode 14.0";
			developmentRegion = en;
			hasScannedForEncodings = 0;
			knownRegions = (
				en,
				Base,
			);
			mainGroup = 8C20A3E229ECBB11003C3A95;
			productRefGroup = 8C20A3EC29ECBB12003C3A95 /* Products */;
			projectDirPath = "";
			projectRoot = "";
			targets = (
				8C20A3EA29ECBB11003C3A95 /* MovieApp */,
			);
		};
/* End PBXProject section */

/* Begin PBXResourcesBuildPhase section */
		8C20A3E929ECBB11003C3A95 /* Resources */ = {
			isa = PBXResourcesBuildPhase;
			buildActionMask = 2147483647;
			files = (
				8C20A3FB29ECBB13003C3A95 /* LaunchScreen.storyboard in Resources */,
				8C20A3F829ECBB13003C3A95 /* Assets.xcassets in Resources */,
			);
			runOnlyForDeploymentPostprocessing = 0;
		};
/* End PBXResourcesBuildPhase section */

/* Begin PBXShellScriptBuildPhase section */
		95ED942658C18A3A50345A80 /* [CP] Embed Pods Frameworks */ = {
			isa = PBXShellScriptBuildPhase;
			buildActionMask = 2147483647;
			files = (
			);
			inputFileListPaths = (
				"${PODS_ROOT}/Target Support Files/Pods-MovieApp/Pods-MovieApp-frameworks-${CONFIGURATION}-input-files.xcfilelist",
			);
			name = "[CP] Embed Pods Frameworks";
			outputFileListPaths = (
				"${PODS_ROOT}/Target Support Files/Pods-MovieApp/Pods-MovieApp-frameworks-${CONFIGURATION}-output-files.xcfilelist",
			);
			runOnlyForDeploymentPostprocessing = 0;
			shellPath = /bin/sh;
			shellScript = "\"${PODS_ROOT}/Target Support Files/Pods-MovieApp/Pods-MovieApp-frameworks.sh\"\n";
			showEnvVarsInLog = 0;
		};
		F1FFF67FAA8D2AA7F4D0A9AD /* [CP] Check Pods Manifest.lock */ = {
			isa = PBXShellScriptBuildPhase;
			buildActionMask = 2147483647;
			files = (
			);
			inputFileListPaths = (
			);
			inputPaths = (
				"${PODS_PODFILE_DIR_PATH}/Podfile.lock",
				"${PODS_ROOT}/Manifest.lock",
			);
			name = "[CP] Check Pods Manifest.lock";
			outputFileListPaths = (
			);
			outputPaths = (
				"$(DERIVED_FILE_DIR)/Pods-MovieApp-checkManifestLockResult.txt",
			);
			runOnlyForDeploymentPostprocessing = 0;
			shellPath = /bin/sh;
			shellScript = "diff \"${PODS_PODFILE_DIR_PATH}/Podfile.lock\" \"${PODS_ROOT}/Manifest.lock\" > /dev/null\nif [ $? != 0 ] ; then\n    # print error to STDERR\n    echo \"error: The sandbox is not in sync with the Podfile.lock. Run 'pod install' or update your CocoaPods installation.\" >&2\n    exit 1\nfi\n# This output is used by Xcode 'outputs' to avoid re-running this script phase.\necho \"SUCCESS\" > \"${SCRIPT_OUTPUT_FILE_0}\"\n";
			showEnvVarsInLog = 0;
		};
/* End PBXShellScriptBuildPhase section */

/* Begin PBXSourcesBuildPhase section */
		8C20A3E729ECBB11003C3A95 /* Sources */ = {
			isa = PBXSourcesBuildPhase;
			buildActionMask = 2147483647;
			files = (
				8C2C1B4F29EE9CB60067DDFD /* MovieYouTubeTrailerDTO.swift in Sources */,
				8C2C1B5129EEB7DC0067DDFD /* Int+PlaceEmojiHandling.swift in Sources */,
				8C2C1B4D29EE87A00067DDFD /* MovieDetailedViewModel.swift in Sources */,
				8CB3EF7829ED52CB00A11D39 /* NetworkLayer.swift in Sources */,
				8C20A3F329ECBB12003C3A95 /* MovieListViewController.swift in Sources */,
				8C2A27BF29ED9713002E6504 /* FavoriteMoviesViewController.swift in Sources */,
				8CB3EF7A29ED52D000A11D39 /* ApiType.swift in Sources */,
				8C0AFDB529ED713B0099B594 /* MovieListViewModel.swift in Sources */,
				8C2C1B4B29EE214B0067DDFD /* MovieDetailedViewController.swift in Sources */,
				8C0AFDAC29ED57A30099B594 /* MainTabBarController.swift in Sources */,
				8C20A3EF29ECBB12003C3A95 /* AppDelegate.swift in Sources */,
				8C0AFDB029ED68DF0099B594 /* ApiError.swift in Sources */,
				8C6C6F4829ED9DCC008D53A8 /* UIColor+ColorExtension.swift in Sources */,
				8C2A27C129ED972B002E6504 /* SettingsViewController.swift in Sources */,
				8C20A3F129ECBB12003C3A95 /* SceneDelegate.swift in Sources */,
				8C2C1B5329EEC1D90067DDFD /* UIViewController+Alert.swift in Sources */,
				8C0AFDAE29ED62120099B594 /* MovieDTO.swift in Sources */,
				8C34B1A629ED86B700753B8C /* MovieCollectionViewCell.swift in Sources */,
				8CE0EA0929EDCC0A0045FC44 /* Int+CommasHandling.swift in Sources */,
				8C0AFDAA29ED57260099B594 /* Constants.swift in Sources */,
				8C2C1B5C29EED3F70067DDFD /* UIButton+UIBarButtonItem.swift in Sources */,
				8C2C1B5A29EED2980067DDFD /* HeartButton.swift in Sources */,
			);
			runOnlyForDeploymentPostprocessing = 0;
		};
/* End PBXSourcesBuildPhase section */

/* Begin PBXVariantGroup section */
		8C20A3F929ECBB13003C3A95 /* LaunchScreen.storyboard */ = {
			isa = PBXVariantGroup;
			children = (
				8C20A3FA29ECBB13003C3A95 /* Base */,
			);
			name = LaunchScreen.storyboard;
			sourceTree = "<group>";
		};
/* End PBXVariantGroup section */

/* Begin XCBuildConfiguration section */
		8C20A3FD29ECBB13003C3A95 /* Debug */ = {
			isa = XCBuildConfiguration;
			buildSettings = {
				ALWAYS_SEARCH_USER_PATHS = NO;
				CLANG_ANALYZER_NONNULL = YES;
				CLANG_ANALYZER_NUMBER_OBJECT_CONVERSION = YES_AGGRESSIVE;
				CLANG_CXX_LANGUAGE_STANDARD = "gnu++20";
				CLANG_ENABLE_MODULES = YES;
				CLANG_ENABLE_OBJC_ARC = YES;
				CLANG_ENABLE_OBJC_WEAK = YES;
				CLANG_WARN_BLOCK_CAPTURE_AUTORELEASING = YES;
				CLANG_WARN_BOOL_CONVERSION = YES;
				CLANG_WARN_COMMA = YES;
				CLANG_WARN_CONSTANT_CONVERSION = YES;
				CLANG_WARN_DEPRECATED_OBJC_IMPLEMENTATIONS = YES;
				CLANG_WARN_DIRECT_OBJC_ISA_USAGE = YES_ERROR;
				CLANG_WARN_DOCUMENTATION_COMMENTS = YES;
				CLANG_WARN_EMPTY_BODY = YES;
				CLANG_WARN_ENUM_CONVERSION = YES;
				CLANG_WARN_INFINITE_RECURSION = YES;
				CLANG_WARN_INT_CONVERSION = YES;
				CLANG_WARN_NON_LITERAL_NULL_CONVERSION = YES;
				CLANG_WARN_OBJC_IMPLICIT_RETAIN_SELF = YES;
				CLANG_WARN_OBJC_LITERAL_CONVERSION = YES;
				CLANG_WARN_OBJC_ROOT_CLASS = YES_ERROR;
				CLANG_WARN_QUOTED_INCLUDE_IN_FRAMEWORK_HEADER = YES;
				CLANG_WARN_RANGE_LOOP_ANALYSIS = YES;
				CLANG_WARN_STRICT_PROTOTYPES = YES;
				CLANG_WARN_SUSPICIOUS_MOVE = YES;
				CLANG_WARN_UNGUARDED_AVAILABILITY = YES_AGGRESSIVE;
				CLANG_WARN_UNREACHABLE_CODE = YES;
				CLANG_WARN__DUPLICATE_METHOD_MATCH = YES;
				COPY_PHASE_STRIP = NO;
				DEBUG_INFORMATION_FORMAT = dwarf;
				ENABLE_STRICT_OBJC_MSGSEND = YES;
				ENABLE_TESTABILITY = YES;
				GCC_C_LANGUAGE_STANDARD = gnu11;
				GCC_DYNAMIC_NO_PIC = NO;
				GCC_NO_COMMON_BLOCKS = YES;
				GCC_OPTIMIZATION_LEVEL = 0;
				GCC_PREPROCESSOR_DEFINITIONS = (
					"DEBUG=1",
					"$(inherited)",
				);
				GCC_WARN_64_TO_32_BIT_CONVERSION = YES;
				GCC_WARN_ABOUT_RETURN_TYPE = YES_ERROR;
				GCC_WARN_UNDECLARED_SELECTOR = YES;
				GCC_WARN_UNINITIALIZED_AUTOS = YES_AGGRESSIVE;
				GCC_WARN_UNUSED_FUNCTION = YES;
				GCC_WARN_UNUSED_VARIABLE = YES;
				IPHONEOS_DEPLOYMENT_TARGET = 16.4;
				MTL_ENABLE_DEBUG_INFO = INCLUDE_SOURCE;
				MTL_FAST_MATH = YES;
				ONLY_ACTIVE_ARCH = YES;
				SDKROOT = iphoneos;
				SWIFT_ACTIVE_COMPILATION_CONDITIONS = DEBUG;
				SWIFT_OPTIMIZATION_LEVEL = "-Onone";
			};
			name = Debug;
		};
		8C20A3FE29ECBB13003C3A95 /* Release */ = {
			isa = XCBuildConfiguration;
			buildSettings = {
				ALWAYS_SEARCH_USER_PATHS = NO;
				CLANG_ANALYZER_NONNULL = YES;
				CLANG_ANALYZER_NUMBER_OBJECT_CONVERSION = YES_AGGRESSIVE;
				CLANG_CXX_LANGUAGE_STANDARD = "gnu++20";
				CLANG_ENABLE_MODULES = YES;
				CLANG_ENABLE_OBJC_ARC = YES;
				CLANG_ENABLE_OBJC_WEAK = YES;
				CLANG_WARN_BLOCK_CAPTURE_AUTORELEASING = YES;
				CLANG_WARN_BOOL_CONVERSION = YES;
				CLANG_WARN_COMMA = YES;
				CLANG_WARN_CONSTANT_CONVERSION = YES;
				CLANG_WARN_DEPRECATED_OBJC_IMPLEMENTATIONS = YES;
				CLANG_WARN_DIRECT_OBJC_ISA_USAGE = YES_ERROR;
				CLANG_WARN_DOCUMENTATION_COMMENTS = YES;
				CLANG_WARN_EMPTY_BODY = YES;
				CLANG_WARN_ENUM_CONVERSION = YES;
				CLANG_WARN_INFINITE_RECURSION = YES;
				CLANG_WARN_INT_CONVERSION = YES;
				CLANG_WARN_NON_LITERAL_NULL_CONVERSION = YES;
				CLANG_WARN_OBJC_IMPLICIT_RETAIN_SELF = YES;
				CLANG_WARN_OBJC_LITERAL_CONVERSION = YES;
				CLANG_WARN_OBJC_ROOT_CLASS = YES_ERROR;
				CLANG_WARN_QUOTED_INCLUDE_IN_FRAMEWORK_HEADER = YES;
				CLANG_WARN_RANGE_LOOP_ANALYSIS = YES;
				CLANG_WARN_STRICT_PROTOTYPES = YES;
				CLANG_WARN_SUSPICIOUS_MOVE = YES;
				CLANG_WARN_UNGUARDED_AVAILABILITY = YES_AGGRESSIVE;
				CLANG_WARN_UNREACHABLE_CODE = YES;
				CLANG_WARN__DUPLICATE_METHOD_MATCH = YES;
				COPY_PHASE_STRIP = NO;
				DEBUG_INFORMATION_FORMAT = "dwarf-with-dsym";
				ENABLE_NS_ASSERTIONS = NO;
				ENABLE_STRICT_OBJC_MSGSEND = YES;
				GCC_C_LANGUAGE_STANDARD = gnu11;
				GCC_NO_COMMON_BLOCKS = YES;
				GCC_WARN_64_TO_32_BIT_CONVERSION = YES;
				GCC_WARN_ABOUT_RETURN_TYPE = YES_ERROR;
				GCC_WARN_UNDECLARED_SELECTOR = YES;
				GCC_WARN_UNINITIALIZED_AUTOS = YES_AGGRESSIVE;
				GCC_WARN_UNUSED_FUNCTION = YES;
				GCC_WARN_UNUSED_VARIABLE = YES;
				IPHONEOS_DEPLOYMENT_TARGET = 16.4;
				MTL_ENABLE_DEBUG_INFO = NO;
				MTL_FAST_MATH = YES;
				SDKROOT = iphoneos;
				SWIFT_COMPILATION_MODE = wholemodule;
				SWIFT_OPTIMIZATION_LEVEL = "-O";
				VALIDATE_PRODUCT = YES;
			};
			name = Release;
		};
		8C20A40029ECBB13003C3A95 /* Debug */ = {
			isa = XCBuildConfiguration;
			baseConfigurationReference = 88D4C15BDF3B0E8EACD7C21D /* Pods-MovieApp.debug.xcconfig */;
			buildSettings = {
				ASSETCATALOG_COMPILER_APPICON_NAME = AppIcon;
				ASSETCATALOG_COMPILER_GLOBAL_ACCENT_COLOR_NAME = AccentColor;
				CODE_SIGN_STYLE = Automatic;
				CURRENT_PROJECT_VERSION = 1;
				DEVELOPMENT_TEAM = 2NHD6297F2;
				GENERATE_INFOPLIST_FILE = YES;
				INFOPLIST_FILE = MovieApp/Resources/Info.plist;
				INFOPLIST_KEY_UIApplicationSupportsIndirectInputEvents = YES;
				INFOPLIST_KEY_UILaunchStoryboardName = LaunchScreen;
				INFOPLIST_KEY_UISupportedInterfaceOrientations = UIInterfaceOrientationPortrait;
				INFOPLIST_KEY_UISupportedInterfaceOrientations_iPad = "UIInterfaceOrientationLandscapeLeft UIInterfaceOrientationLandscapeRight UIInterfaceOrientationPortrait UIInterfaceOrientationPortraitUpsideDown";
				IPHONEOS_DEPLOYMENT_TARGET = 15.0;
				LD_RUNPATH_SEARCH_PATHS = (
					"$(inherited)",
					"@executable_path/Frameworks",
				);
				MARKETING_VERSION = 1.0;
				PRODUCT_BUNDLE_IDENTIFIER = ibaika.MovieApp;
				PRODUCT_NAME = "$(TARGET_NAME)";
				SUPPORTED_PLATFORMS = "iphoneos iphonesimulator";
				SUPPORTS_MACCATALYST = NO;
				SUPPORTS_MAC_DESIGNED_FOR_IPHONE_IPAD = NO;
				SWIFT_EMIT_LOC_STRINGS = YES;
				SWIFT_VERSION = 5.0;
				TARGETED_DEVICE_FAMILY = 1;
			};
			name = Debug;
		};
		8C20A40129ECBB13003C3A95 /* Release */ = {
			isa = XCBuildConfiguration;
			baseConfigurationReference = 5A260E2FBB272E603CD26B57 /* Pods-MovieApp.release.xcconfig */;
			buildSettings = {
				ASSETCATALOG_COMPILER_APPICON_NAME = AppIcon;
				ASSETCATALOG_COMPILER_GLOBAL_ACCENT_COLOR_NAME = AccentColor;
				CODE_SIGN_STYLE = Automatic;
				CURRENT_PROJECT_VERSION = 1;
				DEVELOPMENT_TEAM = 2NHD6297F2;
				GENERATE_INFOPLIST_FILE = YES;
				INFOPLIST_FILE = MovieApp/Resources/Info.plist;
				INFOPLIST_KEY_UIApplicationSupportsIndirectInputEvents = YES;
				INFOPLIST_KEY_UILaunchStoryboardName = LaunchScreen;
				INFOPLIST_KEY_UISupportedInterfaceOrientations = UIInterfaceOrientationPortrait;
				INFOPLIST_KEY_UISupportedInterfaceOrientations_iPad = "UIInterfaceOrientationLandscapeLeft UIInterfaceOrientationLandscapeRight UIInterfaceOrientationPortrait UIInterfaceOrientationPortraitUpsideDown";
				IPHONEOS_DEPLOYMENT_TARGET = 15.0;
				LD_RUNPATH_SEARCH_PATHS = (
					"$(inherited)",
					"@executable_path/Frameworks",
				);
				MARKETING_VERSION = 1.0;
				PRODUCT_BUNDLE_IDENTIFIER = ibaika.MovieApp;
				PRODUCT_NAME = "$(TARGET_NAME)";
				SUPPORTED_PLATFORMS = "iphoneos iphonesimulator";
				SUPPORTS_MACCATALYST = NO;
				SUPPORTS_MAC_DESIGNED_FOR_IPHONE_IPAD = NO;
				SWIFT_EMIT_LOC_STRINGS = YES;
				SWIFT_VERSION = 5.0;
				TARGETED_DEVICE_FAMILY = 1;
			};
			name = Release;
		};
/* End XCBuildConfiguration section */

/* Begin XCConfigurationList section */
		8C20A3E629ECBB11003C3A95 /* Build configuration list for PBXProject "MovieApp" */ = {
			isa = XCConfigurationList;
			buildConfigurations = (
				8C20A3FD29ECBB13003C3A95 /* Debug */,
				8C20A3FE29ECBB13003C3A95 /* Release */,
			);
			defaultConfigurationIsVisible = 0;
			defaultConfigurationName = Release;
		};
		8C20A3FF29ECBB13003C3A95 /* Build configuration list for PBXNativeTarget "MovieApp" */ = {
			isa = XCConfigurationList;
			buildConfigurations = (
				8C20A40029ECBB13003C3A95 /* Debug */,
				8C20A40129ECBB13003C3A95 /* Release */,
			);
			defaultConfigurationIsVisible = 0;
			defaultConfigurationName = Release;
		};
/* End XCConfigurationList section */
	};
	rootObject = 8C20A3E329ECBB11003C3A95 /* Project object */;
}
